dependencies:
- name: todo-api-h2
  repository: https://vijaynvb.github.io/todoapi/Helm/TodoApi_H2/charts
  version: 0.1.0
- name: todo-api
  repository: https://vijaynvb.github.io/todoapi/Helm/TodoApi_MySQL/todoapp/charts
  version: 0.1.0
digest: sha256:9ccb00fdc1d0e9933fed8795b3ea01a1d98ed7c5d621d6f50c8c03b30002bd7e
generated: "2023-08-22T16:24:53.5258891+05:30"
